
Microsoft Visual Studio Solution File, Format Version 12.00
# Visual Studio 15
VisualStudioVersion = 15.0.27130.2020
MinimumVisualStudioVersion = 10.0.40219.1
Project("{2150E333-8FDC-42A3-9474-1A3956D46DE8}") = "DataStructures", "DataStructures", "{FD05CD60-8882-4269-A118-03A79B38966A}"
EndProject
Project("{9A19103F-16F7-4668-BE54-9A1E7A4F7556}") = "DataStructures.Core", "DataStructures\DataStructures.Core\DataStructures.Core.csproj", "{388ED4CA-0492-4ADF-9B81-B51FF4B601C3}"
EndProject
Project("{FAE04EC0-301F-11D3-BF4B-00C04F79EFBC}") = "DataStructures.Test", "DataStructures\DataStructures.Test\DataStructures.Test.csproj", "{A77F1D75-392E-46B5-BF37-95335A58157A}"
EndProject
Global
	GlobalSection(SolutionConfigurationPlatforms) = preSolution
		Debug|Any CPU = Debug|Any CPU
		Release|Any CPU = Release|Any CPU
	EndGlobalSection
	GlobalSection(ProjectConfigurationPlatforms) = postSolution
		{388ED4CA-0492-4ADF-9B81-B51FF4B601C3}.Debug|Any CPU.ActiveCfg = Debug|Any CPU
		{388ED4CA-0492-4ADF-9B81-B51FF4B601C3}.Debug|Any CPU.Build.0 = Debug|Any CPU
		{388ED4CA-0492-4ADF-9B81-B51FF4B601C3}.Release|Any CPU.ActiveCfg = Release|Any CPU
		{388ED4CA-0492-4ADF-9B81-B51FF4B601C3}.Release|Any CPU.Build.0 = Release|Any CPU
		{A77F1D75-392E-46B5-BF37-95335A58157A}.Debug|Any CPU.ActiveCfg = Debug|Any CPU
		{A77F1D75-392E-46B5-BF37-95335A58157A}.Debug|Any CPU.Build.0 = Debug|Any CPU
		{A77F1D75-392E-46B5-BF37-95335A58157A}.Release|Any CPU.ActiveCfg = Release|Any CPU
		{A77F1D75-392E-46B5-BF37-95335A58157A}.Release|Any CPU.Build.0 = Release|Any CPU
	EndGlobalSection
	GlobalSection(SolutionProperties) = preSolution
		HideSolutionNode = FALSE
	EndGlobalSection
	GlobalSection(NestedProjects) = preSolution
		{388ED4CA-0492-4ADF-9B81-B51FF4B601C3} = {FD05CD60-8882-4269-A118-03A79B38966A}
		{A77F1D75-392E-46B5-BF37-95335A58157A} = {FD05CD60-8882-4269-A118-03A79B38966A}
	EndGlobalSection
	GlobalSection(ExtensibilityGlobals) = postSolution
		SolutionGuid = {534AD2F0-35AB-46CF-8A6B-79BB9BC226F2}
	EndGlobalSection
EndGlobal
